
Microsoft Visual Studio Solution File, Format Version 12.00
# Visual Studio 15
VisualStudioVersion = 15.0.26730.15
MinimumVisualStudioVersion = 10.0.40219.1
Project("{FAE04EC0-301F-11D3-BF4B-00C04F79EFBC}") = "AreaParty", "AreaParty\AreaParty.csproj", "{565141A3-ED89-4039-B8DE-7FF9ACF9465F}"
	ProjectSection(ProjectDependencies) = postProject
		{A34A7A7B-1F1F-4C17-A3E2-0CCE2307E7F4} = {A34A7A7B-1F1F-4C17-A3E2-0CCE2307E7F4}
	EndProjectSection
EndProject
Project("{FAE04EC0-301F-11D3-BF4B-00C04F79EFBC}") = "WpfPageTransitions", "WpfPageTransitions\WpfPageTransitions.csproj", "{A34A7A7B-1F1F-4C17-A3E2-0CCE2307E7F4}"
EndProject
Global
	GlobalSection(SolutionConfigurationPlatforms) = preSolution
		Debug|Any CPU = Debug|Any CPU
		Debug|ARM = Debug|ARM
		Debug|x64 = Debug|x64
		Debug|x86 = Debug|x86
		Release|Any CPU = Release|Any CPU
		Release|ARM = Release|ARM
		Release|x64 = Release|x64
		Release|x86 = Release|x86
	EndGlobalSection
	GlobalSection(ProjectConfigurationPlatforms) = postSolution
		{565141A3-ED89-4039-B8DE-7FF9ACF9465F}.Debug|Any CPU.ActiveCfg = Debug|Any CPU
		{565141A3-ED89-4039-B8DE-7FF9ACF9465F}.Debug|Any CPU.Build.0 = Debug|Any CPU
		{565141A3-ED89-4039-B8DE-7FF9ACF9465F}.Debug|ARM.ActiveCfg = Debug|Any CPU
		{565141A3-ED89-4039-B8DE-7FF9ACF9465F}.Debug|ARM.Build.0 = Debug|Any CPU
		{565141A3-ED89-4039-B8DE-7FF9ACF9465F}.Debug|x64.ActiveCfg = Debug|Any CPU
		{565141A3-ED89-4039-B8DE-7FF9ACF9465F}.Debug|x64.Build.0 = Debug|Any CPU
		{565141A3-ED89-4039-B8DE-7FF9ACF9465F}.Debug|x86.ActiveCfg = Debug|Any CPU
		{565141A3-ED89-4039-B8DE-7FF9ACF9465F}.Debug|x86.Build.0 = Debug|Any CPU
		{565141A3-ED89-4039-B8DE-7FF9ACF9465F}.Release|Any CPU.ActiveCfg = Release|Any CPU
		{565141A3-ED89-4039-B8DE-7FF9ACF9465F}.Release|Any CPU.Build.0 = Release|Any CPU
		{565141A3-ED89-4039-B8DE-7FF9ACF9465F}.Release|ARM.ActiveCfg = Release|Any CPU
		{565141A3-ED89-4039-B8DE-7FF9ACF9465F}.Release|ARM.Build.0 = Release|Any CPU
		{565141A3-ED89-4039-B8DE-7FF9ACF9465F}.Release|x64.ActiveCfg = Release|Any CPU
		{565141A3-ED89-4039-B8DE-7FF9ACF9465F}.Release|x64.Build.0 = Release|Any CPU
		{565141A3-ED89-4039-B8DE-7FF9ACF9465F}.Release|x86.ActiveCfg = Release|Any CPU
		{565141A3-ED89-4039-B8DE-7FF9ACF9465F}.Release|x86.Build.0 = Release|Any CPU
		{A34A7A7B-1F1F-4C17-A3E2-0CCE2307E7F4}.Debug|Any CPU.ActiveCfg = Debug|Any CPU
		{A34A7A7B-1F1F-4C17-A3E2-0CCE2307E7F4}.Debug|Any CPU.Build.0 = Debug|Any CPU
		{A34A7A7B-1F1F-4C17-A3E2-0CCE2307E7F4}.Debug|ARM.ActiveCfg = Debug|Any CPU
		{A34A7A7B-1F1F-4C17-A3E2-0CCE2307E7F4}.Debug|ARM.Build.0 = Debug|Any CPU
		{A34A7A7B-1F1F-4C17-A3E2-0CCE2307E7F4}.Debug|x64.ActiveCfg = Debug|Any CPU
		{A34A7A7B-1F1F-4C17-A3E2-0CCE2307E7F4}.Debug|x64.Build.0 = Debug|Any CPU
		{A34A7A7B-1F1F-4C17-A3E2-0CCE2307E7F4}.Debug|x86.ActiveCfg = Debug|Any CPU
		{A34A7A7B-1F1F-4C17-A3E2-0CCE2307E7F4}.Debug|x86.Build.0 = Debug|Any CPU
		{A34A7A7B-1F1F-4C17-A3E2-0CCE2307E7F4}.Release|Any CPU.ActiveCfg = Release|Any CPU
		{A34A7A7B-1F1F-4C17-A3E2-0CCE2307E7F4}.Release|Any CPU.Build.0 = Release|Any CPU
		{A34A7A7B-1F1F-4C17-A3E2-0CCE2307E7F4}.Release|ARM.ActiveCfg = Release|Any CPU
		{A34A7A7B-1F1F-4C17-A3E2-0CCE2307E7F4}.Release|ARM.Build.0 = Release|Any CPU
		{A34A7A7B-1F1F-4C17-A3E2-0CCE2307E7F4}.Release|x64.ActiveCfg = Release|Any CPU
		{A34A7A7B-1F1F-4C17-A3E2-0CCE2307E7F4}.Release|x64.Build.0 = Release|Any CPU
		{A34A7A7B-1F1F-4C17-A3E2-0CCE2307E7F4}.Release|x86.ActiveCfg = Release|Any CPU
		{A34A7A7B-1F1F-4C17-A3E2-0CCE2307E7F4}.Release|x86.Build.0 = Release|Any CPU
	EndGlobalSection
	GlobalSection(SolutionProperties) = preSolution
		HideSolutionNode = FALSE
	EndGlobalSection
	GlobalSection(ExtensibilityGlobals) = postSolution
		SolutionGuid = {77AD59DD-DDB3-44ED-A554-F5BEF3312529}
	EndGlobalSection
EndGlobal
