
Microsoft Visual Studio Solution File, Format Version 12.00
# Visual Studio 14
VisualStudioVersion = 14.0.23107.0
MinimumVisualStudioVersion = 10.0.40219.1
Project("{FAE04EC0-301F-11D3-BF4B-00C04F79EFBC}") = "投影应用", "投影应用.csproj", "{B6C2D883-4910-46B2-BFFA-6EDE86CAED98}"
EndProject
Project("{FAE04EC0-301F-11D3-BF4B-00C04F79EFBC}") = "TestDeviceInfo", "..\..\TestDeviceInfo\TestDeviceInfo.csproj", "{7CECB6D9-6290-4408-81A3-16475EA4B52D}"
EndProject
Project("{FAE04EC0-301F-11D3-BF4B-00C04F79EFBC}") = "TestForJson", "..\..\TestForJson\TestForJson\TestForJson.csproj", "{72258F1B-72BA-4559-8167-E38E2240246F}"
EndProject
Project("{FAE04EC0-301F-11D3-BF4B-00C04F79EFBC}") = "ConsoleApp_Enhance", "..\ConsoleApp_Enhance -分散\ConsoleApp_Enhance.csproj", "{06DB6231-5197-467D-A3B3-6F9F7323C8EE}"
EndProject
Project("{FAE04EC0-301F-11D3-BF4B-00C04F79EFBC}") = "StartProjection", "..\StartProjection\StartProjection.csproj", "{3821BD30-B64B-439C-95DE-77F6AD0D5ACE}"
EndProject
Project("{FAE04EC0-301F-11D3-BF4B-00C04F79EFBC}") = "MainApp", "..\..\MainApp\MainApp.csproj", "{BC30426D-10BD-44AB-A510-33A52AB3D27A}"
EndProject
Project("{FAE04EC0-301F-11D3-BF4B-00C04F79EFBC}") = "AddServices", "..\AddServices\AddServices.csproj", "{8BC813D3-DEC7-43F8-90D6-724487DD0AC5}"
EndProject
Global
	GlobalSection(SolutionConfigurationPlatforms) = preSolution
		Debug|Any CPU = Debug|Any CPU
		Debug|ARM = Debug|ARM
		Debug|x64 = Debug|x64
		Debug|x86 = Debug|x86
		Release|Any CPU = Release|Any CPU
		Release|ARM = Release|ARM
		Release|x64 = Release|x64
		Release|x86 = Release|x86
	EndGlobalSection
	GlobalSection(ProjectConfigurationPlatforms) = postSolution
		{B6C2D883-4910-46B2-BFFA-6EDE86CAED98}.Debug|Any CPU.ActiveCfg = Debug|x86
		{B6C2D883-4910-46B2-BFFA-6EDE86CAED98}.Debug|ARM.ActiveCfg = Debug|ARM
		{B6C2D883-4910-46B2-BFFA-6EDE86CAED98}.Debug|ARM.Build.0 = Debug|ARM
		{B6C2D883-4910-46B2-BFFA-6EDE86CAED98}.Debug|ARM.Deploy.0 = Debug|ARM
		{B6C2D883-4910-46B2-BFFA-6EDE86CAED98}.Debug|x64.ActiveCfg = Debug|x64
		{B6C2D883-4910-46B2-BFFA-6EDE86CAED98}.Debug|x64.Build.0 = Debug|x64
		{B6C2D883-4910-46B2-BFFA-6EDE86CAED98}.Debug|x64.Deploy.0 = Debug|x64
		{B6C2D883-4910-46B2-BFFA-6EDE86CAED98}.Debug|x86.ActiveCfg = Debug|x86
		{B6C2D883-4910-46B2-BFFA-6EDE86CAED98}.Debug|x86.Build.0 = Debug|x86
		{B6C2D883-4910-46B2-BFFA-6EDE86CAED98}.Debug|x86.Deploy.0 = Debug|x86
		{B6C2D883-4910-46B2-BFFA-6EDE86CAED98}.Release|Any CPU.ActiveCfg = Release|x86
		{B6C2D883-4910-46B2-BFFA-6EDE86CAED98}.Release|ARM.ActiveCfg = Release|ARM
		{B6C2D883-4910-46B2-BFFA-6EDE86CAED98}.Release|ARM.Build.0 = Release|ARM
		{B6C2D883-4910-46B2-BFFA-6EDE86CAED98}.Release|ARM.Deploy.0 = Release|ARM
		{B6C2D883-4910-46B2-BFFA-6EDE86CAED98}.Release|x64.ActiveCfg = Release|x64
		{B6C2D883-4910-46B2-BFFA-6EDE86CAED98}.Release|x64.Build.0 = Release|x64
		{B6C2D883-4910-46B2-BFFA-6EDE86CAED98}.Release|x64.Deploy.0 = Release|x64
		{B6C2D883-4910-46B2-BFFA-6EDE86CAED98}.Release|x86.ActiveCfg = Release|x86
		{B6C2D883-4910-46B2-BFFA-6EDE86CAED98}.Release|x86.Build.0 = Release|x86
		{B6C2D883-4910-46B2-BFFA-6EDE86CAED98}.Release|x86.Deploy.0 = Release|x86
		{7CECB6D9-6290-4408-81A3-16475EA4B52D}.Debug|Any CPU.ActiveCfg = Debug|x86
		{7CECB6D9-6290-4408-81A3-16475EA4B52D}.Debug|ARM.ActiveCfg = Debug|ARM
		{7CECB6D9-6290-4408-81A3-16475EA4B52D}.Debug|ARM.Build.0 = Debug|ARM
		{7CECB6D9-6290-4408-81A3-16475EA4B52D}.Debug|ARM.Deploy.0 = Debug|ARM
		{7CECB6D9-6290-4408-81A3-16475EA4B52D}.Debug|x64.ActiveCfg = Debug|x64
		{7CECB6D9-6290-4408-81A3-16475EA4B52D}.Debug|x64.Build.0 = Debug|x64
		{7CECB6D9-6290-4408-81A3-16475EA4B52D}.Debug|x64.Deploy.0 = Debug|x64
		{7CECB6D9-6290-4408-81A3-16475EA4B52D}.Debug|x86.ActiveCfg = Debug|x86
		{7CECB6D9-6290-4408-81A3-16475EA4B52D}.Debug|x86.Build.0 = Debug|x86
		{7CECB6D9-6290-4408-81A3-16475EA4B52D}.Debug|x86.Deploy.0 = Debug|x86
		{7CECB6D9-6290-4408-81A3-16475EA4B52D}.Release|Any CPU.ActiveCfg = Release|x86
		{7CECB6D9-6290-4408-81A3-16475EA4B52D}.Release|ARM.ActiveCfg = Release|ARM
		{7CECB6D9-6290-4408-81A3-16475EA4B52D}.Release|ARM.Build.0 = Release|ARM
		{7CECB6D9-6290-4408-81A3-16475EA4B52D}.Release|ARM.Deploy.0 = Release|ARM
		{7CECB6D9-6290-4408-81A3-16475EA4B52D}.Release|x64.ActiveCfg = Release|x64
		{7CECB6D9-6290-4408-81A3-16475EA4B52D}.Release|x64.Build.0 = Release|x64
		{7CECB6D9-6290-4408-81A3-16475EA4B52D}.Release|x64.Deploy.0 = Release|x64
		{7CECB6D9-6290-4408-81A3-16475EA4B52D}.Release|x86.ActiveCfg = Release|x86
		{7CECB6D9-6290-4408-81A3-16475EA4B52D}.Release|x86.Build.0 = Release|x86
		{7CECB6D9-6290-4408-81A3-16475EA4B52D}.Release|x86.Deploy.0 = Release|x86
		{72258F1B-72BA-4559-8167-E38E2240246F}.Debug|Any CPU.ActiveCfg = Debug|Any CPU
		{72258F1B-72BA-4559-8167-E38E2240246F}.Debug|Any CPU.Build.0 = Debug|Any CPU
		{72258F1B-72BA-4559-8167-E38E2240246F}.Debug|ARM.ActiveCfg = Debug|Any CPU
		{72258F1B-72BA-4559-8167-E38E2240246F}.Debug|ARM.Build.0 = Debug|Any CPU
		{72258F1B-72BA-4559-8167-E38E2240246F}.Debug|x64.ActiveCfg = Debug|x64
		{72258F1B-72BA-4559-8167-E38E2240246F}.Debug|x64.Build.0 = Debug|x64
		{72258F1B-72BA-4559-8167-E38E2240246F}.Debug|x86.ActiveCfg = Debug|Any CPU
		{72258F1B-72BA-4559-8167-E38E2240246F}.Debug|x86.Build.0 = Debug|Any CPU
		{72258F1B-72BA-4559-8167-E38E2240246F}.Release|Any CPU.ActiveCfg = Release|Any CPU
		{72258F1B-72BA-4559-8167-E38E2240246F}.Release|Any CPU.Build.0 = Release|Any CPU
		{72258F1B-72BA-4559-8167-E38E2240246F}.Release|ARM.ActiveCfg = Release|Any CPU
		{72258F1B-72BA-4559-8167-E38E2240246F}.Release|ARM.Build.0 = Release|Any CPU
		{72258F1B-72BA-4559-8167-E38E2240246F}.Release|x64.ActiveCfg = Release|x64
		{72258F1B-72BA-4559-8167-E38E2240246F}.Release|x64.Build.0 = Release|x64
		{72258F1B-72BA-4559-8167-E38E2240246F}.Release|x86.ActiveCfg = Release|Any CPU
		{72258F1B-72BA-4559-8167-E38E2240246F}.Release|x86.Build.0 = Release|Any CPU
		{06DB6231-5197-467D-A3B3-6F9F7323C8EE}.Debug|Any CPU.ActiveCfg = Debug|Any CPU
		{06DB6231-5197-467D-A3B3-6F9F7323C8EE}.Debug|Any CPU.Build.0 = Debug|Any CPU
		{06DB6231-5197-467D-A3B3-6F9F7323C8EE}.Debug|ARM.ActiveCfg = Debug|Any CPU
		{06DB6231-5197-467D-A3B3-6F9F7323C8EE}.Debug|ARM.Build.0 = Debug|Any CPU
		{06DB6231-5197-467D-A3B3-6F9F7323C8EE}.Debug|x64.ActiveCfg = Debug|x64
		{06DB6231-5197-467D-A3B3-6F9F7323C8EE}.Debug|x64.Build.0 = Debug|x64
		{06DB6231-5197-467D-A3B3-6F9F7323C8EE}.Debug|x86.ActiveCfg = Debug|Any CPU
		{06DB6231-5197-467D-A3B3-6F9F7323C8EE}.Debug|x86.Build.0 = Debug|Any CPU
		{06DB6231-5197-467D-A3B3-6F9F7323C8EE}.Release|Any CPU.ActiveCfg = Release|Any CPU
		{06DB6231-5197-467D-A3B3-6F9F7323C8EE}.Release|Any CPU.Build.0 = Release|Any CPU
		{06DB6231-5197-467D-A3B3-6F9F7323C8EE}.Release|ARM.ActiveCfg = Release|Any CPU
		{06DB6231-5197-467D-A3B3-6F9F7323C8EE}.Release|ARM.Build.0 = Release|Any CPU
		{06DB6231-5197-467D-A3B3-6F9F7323C8EE}.Release|x64.ActiveCfg = Release|x64
		{06DB6231-5197-467D-A3B3-6F9F7323C8EE}.Release|x64.Build.0 = Release|x64
		{06DB6231-5197-467D-A3B3-6F9F7323C8EE}.Release|x86.ActiveCfg = Release|Any CPU
		{06DB6231-5197-467D-A3B3-6F9F7323C8EE}.Release|x86.Build.0 = Release|Any CPU
		{3821BD30-B64B-439C-95DE-77F6AD0D5ACE}.Debug|Any CPU.ActiveCfg = Debug|Any CPU
		{3821BD30-B64B-439C-95DE-77F6AD0D5ACE}.Debug|Any CPU.Build.0 = Debug|Any CPU
		{3821BD30-B64B-439C-95DE-77F6AD0D5ACE}.Debug|ARM.ActiveCfg = Debug|Any CPU
		{3821BD30-B64B-439C-95DE-77F6AD0D5ACE}.Debug|ARM.Build.0 = Debug|Any CPU
		{3821BD30-B64B-439C-95DE-77F6AD0D5ACE}.Debug|x64.ActiveCfg = Debug|Any CPU
		{3821BD30-B64B-439C-95DE-77F6AD0D5ACE}.Debug|x64.Build.0 = Debug|Any CPU
		{3821BD30-B64B-439C-95DE-77F6AD0D5ACE}.Debug|x86.ActiveCfg = Debug|Any CPU
		{3821BD30-B64B-439C-95DE-77F6AD0D5ACE}.Debug|x86.Build.0 = Debug|Any CPU
		{3821BD30-B64B-439C-95DE-77F6AD0D5ACE}.Release|Any CPU.ActiveCfg = Release|Any CPU
		{3821BD30-B64B-439C-95DE-77F6AD0D5ACE}.Release|Any CPU.Build.0 = Release|Any CPU
		{3821BD30-B64B-439C-95DE-77F6AD0D5ACE}.Release|ARM.ActiveCfg = Release|Any CPU
		{3821BD30-B64B-439C-95DE-77F6AD0D5ACE}.Release|ARM.Build.0 = Release|Any CPU
		{3821BD30-B64B-439C-95DE-77F6AD0D5ACE}.Release|x64.ActiveCfg = Release|Any CPU
		{3821BD30-B64B-439C-95DE-77F6AD0D5ACE}.Release|x64.Build.0 = Release|Any CPU
		{3821BD30-B64B-439C-95DE-77F6AD0D5ACE}.Release|x86.ActiveCfg = Release|Any CPU
		{3821BD30-B64B-439C-95DE-77F6AD0D5ACE}.Release|x86.Build.0 = Release|Any CPU
		{BC30426D-10BD-44AB-A510-33A52AB3D27A}.Debug|Any CPU.ActiveCfg = Debug|Any CPU
		{BC30426D-10BD-44AB-A510-33A52AB3D27A}.Debug|Any CPU.Build.0 = Debug|Any CPU
		{BC30426D-10BD-44AB-A510-33A52AB3D27A}.Debug|ARM.ActiveCfg = Debug|Any CPU
		{BC30426D-10BD-44AB-A510-33A52AB3D27A}.Debug|ARM.Build.0 = Debug|Any CPU
		{BC30426D-10BD-44AB-A510-33A52AB3D27A}.Debug|x64.ActiveCfg = Debug|Any CPU
		{BC30426D-10BD-44AB-A510-33A52AB3D27A}.Debug|x64.Build.0 = Debug|Any CPU
		{BC30426D-10BD-44AB-A510-33A52AB3D27A}.Debug|x86.ActiveCfg = Debug|Any CPU
		{BC30426D-10BD-44AB-A510-33A52AB3D27A}.Debug|x86.Build.0 = Debug|Any CPU
		{BC30426D-10BD-44AB-A510-33A52AB3D27A}.Release|Any CPU.ActiveCfg = Release|Any CPU
		{BC30426D-10BD-44AB-A510-33A52AB3D27A}.Release|Any CPU.Build.0 = Release|Any CPU
		{BC30426D-10BD-44AB-A510-33A52AB3D27A}.Release|ARM.ActiveCfg = Release|Any CPU
		{BC30426D-10BD-44AB-A510-33A52AB3D27A}.Release|ARM.Build.0 = Release|Any CPU
		{BC30426D-10BD-44AB-A510-33A52AB3D27A}.Release|x64.ActiveCfg = Release|Any CPU
		{BC30426D-10BD-44AB-A510-33A52AB3D27A}.Release|x64.Build.0 = Release|Any CPU
		{BC30426D-10BD-44AB-A510-33A52AB3D27A}.Release|x86.ActiveCfg = Release|Any CPU
		{BC30426D-10BD-44AB-A510-33A52AB3D27A}.Release|x86.Build.0 = Release|Any CPU
		{8BC813D3-DEC7-43F8-90D6-724487DD0AC5}.Debug|Any CPU.ActiveCfg = Debug|Any CPU
		{8BC813D3-DEC7-43F8-90D6-724487DD0AC5}.Debug|Any CPU.Build.0 = Debug|Any CPU
		{8BC813D3-DEC7-43F8-90D6-724487DD0AC5}.Debug|ARM.ActiveCfg = Debug|Any CPU
		{8BC813D3-DEC7-43F8-90D6-724487DD0AC5}.Debug|ARM.Build.0 = Debug|Any CPU
		{8BC813D3-DEC7-43F8-90D6-724487DD0AC5}.Debug|x64.ActiveCfg = Debug|x64
		{8BC813D3-DEC7-43F8-90D6-724487DD0AC5}.Debug|x64.Build.0 = Debug|x64
		{8BC813D3-DEC7-43F8-90D6-724487DD0AC5}.Debug|x86.ActiveCfg = Debug|Any CPU
		{8BC813D3-DEC7-43F8-90D6-724487DD0AC5}.Debug|x86.Build.0 = Debug|Any CPU
		{8BC813D3-DEC7-43F8-90D6-724487DD0AC5}.Release|Any CPU.ActiveCfg = Release|Any CPU
		{8BC813D3-DEC7-43F8-90D6-724487DD0AC5}.Release|Any CPU.Build.0 = Release|Any CPU
		{8BC813D3-DEC7-43F8-90D6-724487DD0AC5}.Release|ARM.ActiveCfg = Release|Any CPU
		{8BC813D3-DEC7-43F8-90D6-724487DD0AC5}.Release|ARM.Build.0 = Release|Any CPU
		{8BC813D3-DEC7-43F8-90D6-724487DD0AC5}.Release|x64.ActiveCfg = Release|x64
		{8BC813D3-DEC7-43F8-90D6-724487DD0AC5}.Release|x64.Build.0 = Release|x64
		{8BC813D3-DEC7-43F8-90D6-724487DD0AC5}.Release|x86.ActiveCfg = Release|Any CPU
		{8BC813D3-DEC7-43F8-90D6-724487DD0AC5}.Release|x86.Build.0 = Release|Any CPU
	EndGlobalSection
	GlobalSection(SolutionProperties) = preSolution
		HideSolutionNode = FALSE
	EndGlobalSection
EndGlobal
